version = 1
revision = 1
requires-python = ">=3.10"

[[package]]
name = "mitogen"
version = "0.3.47"
source = { registry = "https://pypi.org/simple" }
sdist = { url = "https://files.pythonhosted.org/packages/74/a1/94f2fb72c5438beef8704b8e737b2efddd465b8e415a64280d0a5e4b6cf3/mitogen-0.3.47.tar.gz", hash = "sha256:fcd678d5098ddbefc948a70cf72dc781f450702d78ce9beec83588a2cfa853cb", size = 241126 }
wheels = [
    { url = "https://files.pythonhosted.org/packages/83/aa/ab843c8976ff3714e0f10185d3c33087b1acadf5f383d77b8a50508ad335/mitogen-0.3.47-py2.py3-none-any.whl", hash = "sha256:e94204475f50ac135558146da410a55b654b59d63d30ee6224f6a09a956d2e56", size = 291187 },
]

[[package]]
name = "server"
version = "0.1.0"
source = { virtual = "." }
dependencies = [
    { name = "mitogen" },
]

[package.metadata]
requires-dist = [{ name = "mitogen" }]
